
Microsoft Visual Studio Solution File, Format Version 12.00
# Visual Studio Version 17
VisualStudioVersion = 17.8.34525.116
MinimumVisualStudioVersion = 10.0.40219.1
Project("{FAE04EC0-301F-11D3-BF4B-00C04F79EFBC}") = "Portfolio_ASP", "Portfolio_ASP\Portfolio_ASP.csproj", "{B7C1D249-3258-4611-943B-91BD64B624A8}"
EndProject
Global
	GlobalSection(SolutionConfigurationPlatforms) = preSolution
		Debug|Any CPU = Debug|Any CPU
		Release|Any CPU = Release|Any CPU
	EndGlobalSection
	GlobalSection(ProjectConfigurationPlatforms) = postSolution
		{B7C1D249-3258-4611-943B-91BD64B624A8}.Debug|Any CPU.ActiveCfg = Debug|Any CPU
		{B7C1D249-3258-4611-943B-91BD64B624A8}.Debug|Any CPU.Build.0 = Debug|Any CPU
		{B7C1D249-3258-4611-943B-91BD64B624A8}.Release|Any CPU.ActiveCfg = Release|Any CPU
		{B7C1D249-3258-4611-943B-91BD64B624A8}.Release|Any CPU.Build.0 = Release|Any CPU
	EndGlobalSection
	GlobalSection(SolutionProperties) = preSolution
		HideSolutionNode = FALSE
	EndGlobalSection
	GlobalSection(ExtensibilityGlobals) = postSolution
		SolutionGuid = {CAD622AB-A8BF-452D-8D74-A28E3AC97055}
	EndGlobalSection
EndGlobal
